// !$*UTF8*$!
{
	archiveVersion = 1;
	classes = {
	};
	objectVersion = 46;
	objects = {

/* Begin PBXBuildFile section */
		010ED13A1DE3D419009D414B /* test13.jpg in Resources */ = {isa = PBXBuildFile; fileRef = 010ED1391DE3D419009D414B /* test13.jpg */; };
		01309B9C1DE6417A00E4B1BE /* ImageUtil.swift in Sources */ = {isa = PBXBuildFile; fileRef = 01309B9B1DE6417A00E4B1BE /* ImageUtil.swift */; };
		01309B9E1DE665D300E4B1BE /* VideoShooterController.swift in Sources */ = {isa = PBXBuildFile; fileRef = 01309B9D1DE665D300E4B1BE /* VideoShooterController.swift */; };
		01309BA01DE6675700E4B1BE /* JabueUtil.swift in Sources */ = {isa = PBXBuildFile; fileRef = 01309B9F1DE6675700E4B1BE /* JabueUtil.swift */; };
		01309BA21DE6793C00E4B1BE /* haha.jpg in Resources */ = {isa = PBXBuildFile; fileRef = 01309BA11DE6793C00E4B1BE /* haha.jpg */; };
		0134A3D01DEB894F009D8F52 /* officePro.jpg in Resources */ = {isa = PBXBuildFile; fileRef = 0134A3CF1DEB894F009D8F52 /* officePro.jpg */; };
		01595A441DE5151600CB82B5 /* ImageProcessController.swift in Sources */ = {isa = PBXBuildFile; fileRef = 01595A431DE5151600CB82B5 /* ImageProcessController.swift */; };
		01595A461DE5180A00CB82B5 /* Main.storyboard in Resources */ = {isa = PBXBuildFile; fileRef = 01595A451DE5180A00CB82B5 /* Main.storyboard */; };
		017791541DE10A0500FAD266 /* AppDelegate.swift in Sources */ = {isa = PBXBuildFile; fileRef = 017791531DE10A0500FAD266 /* AppDelegate.swift */; };
		017791561DE10A0500FAD266 /* ViewController.swift in Sources */ = {isa = PBXBuildFile; fileRef = 017791551DE10A0500FAD266 /* ViewController.swift */; };
		0177915B1DE10A0500FAD266 /* Assets.xcassets in Resources */ = {isa = PBXBuildFile; fileRef = 0177915A1DE10A0500FAD266 /* Assets.xcassets */; };
		0177915E1DE10A0500FAD266 /* LaunchScreen.storyboard in Resources */ = {isa = PBXBuildFile; fileRef = 0177915C1DE10A0500FAD266 /* LaunchScreen.storyboard */; };
		017791691DE10A0500FAD266 /* PanoDemoTests.swift in Sources */ = {isa = PBXBuildFile; fileRef = 017791681DE10A0500FAD266 /* PanoDemoTests.swift */; };
		017791741DE10A0500FAD266 /* PanoDemoUITests.swift in Sources */ = {isa = PBXBuildFile; fileRef = 017791731DE10A0500FAD266 /* PanoDemoUITests.swift */; };
		017791821DE1132A00FAD266 /* PanoramaViewController.swift in Sources */ = {isa = PBXBuildFile; fileRef = 017791811DE1132A00FAD266 /* PanoramaViewController.swift */; };
		017791851DE114AB00FAD266 /* PanoramaViewer.swift in Sources */ = {isa = PBXBuildFile; fileRef = 017791831DE114AB00FAD266 /* PanoramaViewer.swift */; };
		017791861DE114AB00FAD266 /* PanoramaIndicator.swift in Sources */ = {isa = PBXBuildFile; fileRef = 017791841DE114AB00FAD266 /* PanoramaIndicator.swift */; };
		017791911DE1267E00FAD266 /* office.jpg in Resources */ = {isa = PBXBuildFile; fileRef = 017791901DE1267E00FAD266 /* office.jpg */; };
		017791971DE12B8C00FAD266 /* SphereViewController.swift in Sources */ = {isa = PBXBuildFile; fileRef = 017791961DE12B8C00FAD266 /* SphereViewController.swift */; };
		017791D51DE1410700FAD266 /* OpenGLES.framework in Frameworks */ = {isa = PBXBuildFile; fileRef = 017791D41DE1410700FAD266 /* OpenGLES.framework */; };
		017791D91DE1414200FAD266 /* Foundation.framework in Frameworks */ = {isa = PBXBuildFile; fileRef = 017791D81DE1414200FAD266 /* Foundation.framework */; };
		017791DB1DE1414F00FAD266 /* CoreGraphics.framework in Frameworks */ = {isa = PBXBuildFile; fileRef = 017791DA1DE1414F00FAD266 /* CoreGraphics.framework */; };
		017791DD1DE1415E00FAD266 /* UIKit.framework in Frameworks */ = {isa = PBXBuildFile; fileRef = 017791DC1DE1415E00FAD266 /* UIKit.framework */; };
		017791EE1DE186D200FAD266 /* GLKit.framework in Frameworks */ = {isa = PBXBuildFile; fileRef = 017791D61DE1412E00FAD266 /* GLKit.framework */; };
		01A9E3581DEA87DD00D6231B /* dining.jpg in Resources */ = {isa = PBXBuildFile; fileRef = 01A9E3571DEA87DD00D6231B /* dining.jpg */; };
		01C51B811DE233160072F22D /* PanoramaView.framework in Frameworks */ = {isa = PBXBuildFile; fileRef = 01C51B801DE233160072F22D /* PanoramaView.framework */; };
		01FCE5351DE8CF72005E232C /* MainViewController.swift in Sources */ = {isa = PBXBuildFile; fileRef = 01FCE5341DE8CF72005E232C /* MainViewController.swift */; };
		01FCE53B1DE8EA56005E232C /* MainTableViewCell.swift in Sources */ = {isa = PBXBuildFile; fileRef = 01FCE53A1DE8EA56005E232C /* MainTableViewCell.swift */; };
		01FCE53D1DE8F0EE005E232C /* PanoModel.swift in Sources */ = {isa = PBXBuildFile; fileRef = 01FCE53C1DE8F0EE005E232C /* PanoModel.swift */; };
		61EA289FED5052ECFAA07736 /* Pods_PanoDemoUITests.framework in Frameworks */ = {isa = PBXBuildFile; fileRef = 64A9534054409D7AC44FC3F0 /* Pods_PanoDemoUITests.framework */; };
		741D0D323E3F43D786009183 /* Pods_PanoDemoTests.framework in Frameworks */ = {isa = PBXBuildFile; fileRef = 791183105981AE023F4577A8 /* Pods_PanoDemoTests.framework */; };
		E924D7F0378113A7C8F77D1A /* Pods_PanoDemo.framework in Frameworks */ = {isa = PBXBuildFile; fileRef = 6FF6B1934C85162D06915A7F /* Pods_PanoDemo.framework */; };
/* End PBXBuildFile section */

/* Begin PBXContainerItemProxy section */
		017791651DE10A0500FAD266 /* PBXContainerItemProxy */ = {
			isa = PBXContainerItemProxy;
			containerPortal = 017791481DE10A0400FAD266 /* Project object */;
			proxyType = 1;
			remoteGlobalIDString = 0177914F1DE10A0500FAD266;
			remoteInfo = PanoDemo;
		};
		017791701DE10A0500FAD266 /* PBXContainerItemProxy */ = {
			isa = PBXContainerItemProxy;
			containerPortal = 017791481DE10A0400FAD266 /* Project object */;
			proxyType = 1;
			remoteGlobalIDString = 0177914F1DE10A0500FAD266;
			remoteInfo = PanoDemo;
		};
/* End PBXContainerItemProxy section */

/* Begin PBXFileReference section */
		010ED1391DE3D419009D414B /* test13.jpg */ = {isa = PBXFileReference; lastKnownFileType = image.jpeg; path = test13.jpg; sourceTree = "<group>"; };
		01309B9B1DE6417A00E4B1BE /* ImageUtil.swift */ = {isa = PBXFileReference; fileEncoding = 4; lastKnownFileType = sourcecode.swift; path = ImageUtil.swift; sourceTree = "<group>"; };
		01309B9D1DE665D300E4B1BE /* VideoShooterController.swift */ = {isa = PBXFileReference; fileEncoding = 4; lastKnownFileType = sourcecode.swift; path = VideoShooterController.swift; sourceTree = "<group>"; };
		01309B9F1DE6675700E4B1BE /* JabueUtil.swift */ = {isa = PBXFileReference; fileEncoding = 4; lastKnownFileType = sourcecode.swift; path = JabueUtil.swift; sourceTree = "<group>"; };
		01309BA11DE6793C00E4B1BE /* haha.jpg */ = {isa = PBXFileReference; lastKnownFileType = image.jpeg; path = haha.jpg; sourceTree = "<group>"; };
		0134A3CF1DEB894F009D8F52 /* officePro.jpg */ = {isa = PBXFileReference; lastKnownFileType = image.jpeg; path = officePro.jpg; sourceTree = "<group>"; };
		01595A431DE5151600CB82B5 /* ImageProcessController.swift */ = {isa = PBXFileReference; fileEncoding = 4; lastKnownFileType = sourcecode.swift; path = ImageProcessController.swift; sourceTree = "<group>"; };
		01595A451DE5180A00CB82B5 /* Main.storyboard */ = {isa = PBXFileReference; fileEncoding = 4; lastKnownFileType = file.storyboard; path = Main.storyboard; sourceTree = "<group>"; };
		017791501DE10A0500FAD266 /* PanoDemo.app */ = {isa = PBXFileReference; explicitFileType = wrapper.application; includeInIndex = 0; path = PanoDemo.app; sourceTree = BUILT_PRODUCTS_DIR; };
		017791531DE10A0500FAD266 /* AppDelegate.swift */ = {isa = PBXFileReference; lastKnownFileType = sourcecode.swift; path = AppDelegate.swift; sourceTree = "<group>"; };
		017791551DE10A0500FAD266 /* ViewController.swift */ = {isa = PBXFileReference; lastKnownFileType = sourcecode.swift; path = ViewController.swift; sourceTree = "<group>"; };
		0177915A1DE10A0500FAD266 /* Assets.xcassets */ = {isa = PBXFileReference; lastKnownFileType = folder.assetcatalog; path = Assets.xcassets; sourceTree = "<group>"; };
		0177915D1DE10A0500FAD266 /* Base */ = {isa = PBXFileReference; lastKnownFileType = file.storyboard; name = Base; path = Base.lproj/LaunchScreen.storyboard; sourceTree = "<group>"; };
		0177915F1DE10A0500FAD266 /* Info.plist */ = {isa = PBXFileReference; lastKnownFileType = text.plist.xml; path = Info.plist; sourceTree = "<group>"; };
		017791641DE10A0500FAD266 /* PanoDemoTests.xctest */ = {isa = PBXFileReference; explicitFileType = wrapper.cfbundle; includeInIndex = 0; path = PanoDemoTests.xctest; sourceTree = BUILT_PRODUCTS_DIR; };
		017791681DE10A0500FAD266 /* PanoDemoTests.swift */ = {isa = PBXFileReference; lastKnownFileType = sourcecode.swift; path = PanoDemoTests.swift; sourceTree = "<group>"; };
		0177916A1DE10A0500FAD266 /* Info.plist */ = {isa = PBXFileReference; lastKnownFileType = text.plist.xml; path = Info.plist; sourceTree = "<group>"; };
		0177916F1DE10A0500FAD266 /* PanoDemoUITests.xctest */ = {isa = PBXFileReference; explicitFileType = wrapper.cfbundle; includeInIndex = 0; path = PanoDemoUITests.xctest; sourceTree = BUILT_PRODUCTS_DIR; };
		017791731DE10A0500FAD266 /* PanoDemoUITests.swift */ = {isa = PBXFileReference; lastKnownFileType = sourcecode.swift; path = PanoDemoUITests.swift; sourceTree = "<group>"; };
		017791751DE10A0500FAD266 /* Info.plist */ = {isa = PBXFileReference; lastKnownFileType = text.plist.xml; path = Info.plist; sourceTree = "<group>"; };
		017791811DE1132A00FAD266 /* PanoramaViewController.swift */ = {isa = PBXFileReference; fileEncoding = 4; lastKnownFileType = sourcecode.swift; path = PanoramaViewController.swift; sourceTree = "<group>"; };
		017791831DE114AB00FAD266 /* PanoramaViewer.swift */ = {isa = PBXFileReference; fileEncoding = 4; lastKnownFileType = sourcecode.swift; path = PanoramaViewer.swift; sourceTree = "<group>"; };
		017791841DE114AB00FAD266 /* PanoramaIndicator.swift */ = {isa = PBXFileReference; fileEncoding = 4; lastKnownFileType = sourcecode.swift; path = PanoramaIndicator.swift; sourceTree = "<group>"; };
		017791901DE1267E00FAD266 /* office.jpg */ = {isa = PBXFileReference; lastKnownFileType = image.jpeg; path = office.jpg; sourceTree = "<group>"; };
		017791961DE12B8C00FAD266 /* SphereViewController.swift */ = {isa = PBXFileReference; fileEncoding = 4; lastKnownFileType = sourcecode.swift; path = SphereViewController.swift; sourceTree = "<group>"; };
		017791D41DE1410700FAD266 /* OpenGLES.framework */ = {isa = PBXFileReference; lastKnownFileType = wrapper.framework; name = OpenGLES.framework; path = System/Library/Frameworks/OpenGLES.framework; sourceTree = SDKROOT; };
		017791D61DE1412E00FAD266 /* GLKit.framework */ = {isa = PBXFileReference; lastKnownFileType = wrapper.framework; name = GLKit.framework; path = System/Library/Frameworks/GLKit.framework; sourceTree = SDKROOT; };
		017791D81DE1414200FAD266 /* Foundation.framework */ = {isa = PBXFileReference; lastKnownFileType = wrapper.framework; name = Foundation.framework; path = System/Library/Frameworks/Foundation.framework; sourceTree = SDKROOT; };
		017791DA1DE1414F00FAD266 /* CoreGraphics.framework */ = {isa = PBXFileReference; lastKnownFileType = wrapper.framework; name = CoreGraphics.framework; path = System/Library/Frameworks/CoreGraphics.framework; sourceTree = SDKROOT; };
		017791DC1DE1415E00FAD266 /* UIKit.framework */ = {isa = PBXFileReference; lastKnownFileType = wrapper.framework; name = UIKit.framework; path = System/Library/Frameworks/UIKit.framework; sourceTree = SDKROOT; };
		01A9E3571DEA87DD00D6231B /* dining.jpg */ = {isa = PBXFileReference; lastKnownFileType = image.jpeg; path = dining.jpg; sourceTree = "<group>"; };
		01C51B801DE233160072F22D /* PanoramaView.framework */ = {isa = PBXFileReference; lastKnownFileType = wrapper.framework; name = PanoramaView.framework; path = "Pods/../build/Debug-iphoneos/PanoramaView/PanoramaView.framework"; sourceTree = "<group>"; };
		01FCE5341DE8CF72005E232C /* MainViewController.swift */ = {isa = PBXFileReference; fileEncoding = 4; lastKnownFileType = sourcecode.swift; path = MainViewController.swift; sourceTree = "<group>"; };
		01FCE53A1DE8EA56005E232C /* MainTableViewCell.swift */ = {isa = PBXFileReference; fileEncoding = 4; lastKnownFileType = sourcecode.swift; path = MainTableViewCell.swift; sourceTree = "<group>"; };
		01FCE53C1DE8F0EE005E232C /* PanoModel.swift */ = {isa = PBXFileReference; fileEncoding = 4; lastKnownFileType = sourcecode.swift; path = PanoModel.swift; sourceTree = "<group>"; };
		29E70A87FAC1102447C4B32D /* Pods-PanoDemoTests.debug.xcconfig */ = {isa = PBXFileReference; includeInIndex = 1; lastKnownFileType = text.xcconfig; name = "Pods-PanoDemoTests.debug.xcconfig"; path = "Pods/Target Support Files/Pods-PanoDemoTests/Pods-PanoDemoTests.debug.xcconfig"; sourceTree = "<group>"; };
		3E513445051476EB452696CD /* Pods-PanoDemo.debug.xcconfig */ = {isa = PBXFileReference; includeInIndex = 1; lastKnownFileType = text.xcconfig; name = "Pods-PanoDemo.debug.xcconfig"; path = "Pods/Target Support Files/Pods-PanoDemo/Pods-PanoDemo.debug.xcconfig"; sourceTree = "<group>"; };
		4134975AE6323E35D2EF6567 /* Pods-PanoDemoTests.release.xcconfig */ = {isa = PBXFileReference; includeInIndex = 1; lastKnownFileType = text.xcconfig; name = "Pods-PanoDemoTests.release.xcconfig"; path = "Pods/Target Support Files/Pods-PanoDemoTests/Pods-PanoDemoTests.release.xcconfig"; sourceTree = "<group>"; };
		5BD5945A31AB7872F01C34BC /* Pods-PanoDemoUITests.debug.xcconfig */ = {isa = PBXFileReference; includeInIndex = 1; lastKnownFileType = text.xcconfig; name = "Pods-PanoDemoUITests.debug.xcconfig"; path = "Pods/Target Support Files/Pods-PanoDemoUITests/Pods-PanoDemoUITests.debug.xcconfig"; sourceTree = "<group>"; };
		64A9534054409D7AC44FC3F0 /* Pods_PanoDemoUITests.framework */ = {isa = PBXFileReference; explicitFileType = wrapper.framework; includeInIndex = 0; path = Pods_PanoDemoUITests.framework; sourceTree = BUILT_PRODUCTS_DIR; };
		6FF6B1934C85162D06915A7F /* Pods_PanoDemo.framework */ = {isa = PBXFileReference; explicitFileType = wrapper.framework; includeInIndex = 0; path = Pods_PanoDemo.framework; sourceTree = BUILT_PRODUCTS_DIR; };
		73BA244F03DD6BFED44376EF /* Pods-PanoDemo.release.xcconfig */ = {isa = PBXFileReference; includeInIndex = 1; lastKnownFileType = text.xcconfig; name = "Pods-PanoDemo.release.xcconfig"; path = "Pods/Target Support Files/Pods-PanoDemo/Pods-PanoDemo.release.xcconfig"; sourceTree = "<group>"; };
		791183105981AE023F4577A8 /* Pods_PanoDemoTests.framework */ = {isa = PBXFileReference; explicitFileType = wrapper.framework; includeInIndex = 0; path = Pods_PanoDemoTests.framework; sourceTree = BUILT_PRODUCTS_DIR; };
		9B24E4E3687335496C736703 /* Pods-PanoDemoUITests.release.xcconfig */ = {isa = PBXFileReference; includeInIndex = 1; lastKnownFileType = text.xcconfig; name = "Pods-PanoDemoUITests.release.xcconfig"; path = "Pods/Target Support Files/Pods-PanoDemoUITests/Pods-PanoDemoUITests.release.xcconfig"; sourceTree = "<group>"; };
/* End PBXFileReference section */

/* Begin PBXFrameworksBuildPhase section */
		0177914D1DE10A0500FAD266 /* Frameworks */ = {
			isa = PBXFrameworksBuildPhase;
			buildActionMask = 2147483647;
			files = (
				01C51B811DE233160072F22D /* PanoramaView.framework in Frameworks */,
				017791EE1DE186D200FAD266 /* GLKit.framework in Frameworks */,
				017791DD1DE1415E00FAD266 /* UIKit.framework in Frameworks */,
				017791DB1DE1414F00FAD266 /* CoreGraphics.framework in Frameworks */,
				017791D91DE1414200FAD266 /* Foundation.framework in Frameworks */,
				017791D51DE1410700FAD266 /* OpenGLES.framework in Frameworks */,
				E924D7F0378113A7C8F77D1A /* Pods_PanoDemo.framework in Frameworks */,
			);
			runOnlyForDeploymentPostprocessing = 0;
		};
		017791611DE10A0500FAD266 /* Frameworks */ = {
			isa = PBXFrameworksBuildPhase;
			buildActionMask = 2147483647;
			files = (
				741D0D323E3F43D786009183 /* Pods_PanoDemoTests.framework in Frameworks */,
			);
			runOnlyForDeploymentPostprocessing = 0;
		};
		0177916C1DE10A0500FAD266 /* Frameworks */ = {
			isa = PBXFrameworksBuildPhase;
			buildActionMask = 2147483647;
			files = (
				61EA289FED5052ECFAA07736 /* Pods_PanoDemoUITests.framework in Frameworks */,
			);
			runOnlyForDeploymentPostprocessing = 0;
		};
/* End PBXFrameworksBuildPhase section */

/* Begin PBXGroup section */
		01595A1C1DE4BE6100CB82B5 /* Resources */ = {
			isa = PBXGroup;
			children = (
				0177918F1DE11B1E00FAD266 /* Images */,
				01595A451DE5180A00CB82B5 /* Main.storyboard */,
				0177915A1DE10A0500FAD266 /* Assets.xcassets */,
				0177915C1DE10A0500FAD266 /* LaunchScreen.storyboard */,
				0177915F1DE10A0500FAD266 /* Info.plist */,
			);
			name = Resources;
			sourceTree = "<group>";
		};
		017791471DE10A0400FAD266 = {
			isa = PBXGroup;
			children = (
				017791521DE10A0500FAD266 /* PanoDemo */,
				017791671DE10A0500FAD266 /* PanoDemoTests */,
				017791721DE10A0500FAD266 /* PanoDemoUITests */,
				017791511DE10A0500FAD266 /* Products */,
				46EC8F1FCFBDA1BBDE7A401D /* Pods */,
				CBCA60F41BB83C7A3F81F869 /* Frameworks */,
			);
			sourceTree = "<group>";
		};
		017791511DE10A0500FAD266 /* Products */ = {
			isa = PBXGroup;
			children = (
				017791501DE10A0500FAD266 /* PanoDemo.app */,
				017791641DE10A0500FAD266 /* PanoDemoTests.xctest */,
				0177916F1DE10A0500FAD266 /* PanoDemoUITests.xctest */,
			);
			name = Products;
			sourceTree = "<group>";
		};
		017791521DE10A0500FAD266 /* PanoDemo */ = {
			isa = PBXGroup;
			children = (
				01FCE53E1DE8F245005E232C /* Model */,
				017791871DE114DA00FAD266 /* Utility */,
				01595A1C1DE4BE6100CB82B5 /* Resources */,
				017791531DE10A0500FAD266 /* AppDelegate.swift */,
				017791551DE10A0500FAD266 /* ViewController.swift */,
				017791811DE1132A00FAD266 /* PanoramaViewController.swift */,
				017791961DE12B8C00FAD266 /* SphereViewController.swift */,
				01595A431DE5151600CB82B5 /* ImageProcessController.swift */,
				01309B9D1DE665D300E4B1BE /* VideoShooterController.swift */,
				01FCE5341DE8CF72005E232C /* MainViewController.swift */,
				01FCE53A1DE8EA56005E232C /* MainTableViewCell.swift */,
			);
			path = PanoDemo;
			sourceTree = "<group>";
		};
		017791671DE10A0500FAD266 /* PanoDemoTests */ = {
			isa = PBXGroup;
			children = (
				017791681DE10A0500FAD266 /* PanoDemoTests.swift */,
				0177916A1DE10A0500FAD266 /* Info.plist */,
			);
			path = PanoDemoTests;
			sourceTree = "<group>";
		};
		017791721DE10A0500FAD266 /* PanoDemoUITests */ = {
			isa = PBXGroup;
			children = (
				017791731DE10A0500FAD266 /* PanoDemoUITests.swift */,
				017791751DE10A0500FAD266 /* Info.plist */,
			);
			path = PanoDemoUITests;
			sourceTree = "<group>";
		};
		017791871DE114DA00FAD266 /* Utility */ = {
			isa = PBXGroup;
			children = (
				017791831DE114AB00FAD266 /* PanoramaViewer.swift */,
				017791841DE114AB00FAD266 /* PanoramaIndicator.swift */,
				01309B9B1DE6417A00E4B1BE /* ImageUtil.swift */,
				01309B9F1DE6675700E4B1BE /* JabueUtil.swift */,
			);
			name = Utility;
			sourceTree = "<group>";
		};
		0177918F1DE11B1E00FAD266 /* Images */ = {
			isa = PBXGroup;
			children = (
				0134A3CF1DEB894F009D8F52 /* officePro.jpg */,
				01A9E3571DEA87DD00D6231B /* dining.jpg */,
				01309BA11DE6793C00E4B1BE /* haha.jpg */,
				010ED1391DE3D419009D414B /* test13.jpg */,
				017791901DE1267E00FAD266 /* office.jpg */,
			);
			name = Images;
			sourceTree = "<group>";
		};
		01FCE53E1DE8F245005E232C /* Model */ = {
			isa = PBXGroup;
			children = (
				01FCE53C1DE8F0EE005E232C /* PanoModel.swift */,
			);
			name = Model;
			sourceTree = "<group>";
		};
		46EC8F1FCFBDA1BBDE7A401D /* Pods */ = {
			isa = PBXGroup;
			children = (
				3E513445051476EB452696CD /* Pods-PanoDemo.debug.xcconfig */,
				73BA244F03DD6BFED44376EF /* Pods-PanoDemo.release.xcconfig */,
				29E70A87FAC1102447C4B32D /* Pods-PanoDemoTests.debug.xcconfig */,
				4134975AE6323E35D2EF6567 /* Pods-PanoDemoTests.release.xcconfig */,
				5BD5945A31AB7872F01C34BC /* Pods-PanoDemoUITests.debug.xcconfig */,
				9B24E4E3687335496C736703 /* Pods-PanoDemoUITests.release.xcconfig */,
			);
			name = Pods;
			sourceTree = "<group>";
		};
		CBCA60F41BB83C7A3F81F869 /* Frameworks */ = {
			isa = PBXGroup;
			children = (
				01C51B801DE233160072F22D /* PanoramaView.framework */,
				017791DC1DE1415E00FAD266 /* UIKit.framework */,
				017791DA1DE1414F00FAD266 /* CoreGraphics.framework */,
				017791D81DE1414200FAD266 /* Foundation.framework */,
				017791D61DE1412E00FAD266 /* GLKit.framework */,
				017791D41DE1410700FAD266 /* OpenGLES.framework */,
				6FF6B1934C85162D06915A7F /* Pods_PanoDemo.framework */,
				791183105981AE023F4577A8 /* Pods_PanoDemoTests.framework */,
				64A9534054409D7AC44FC3F0 /* Pods_PanoDemoUITests.framework */,
			);
			name = Frameworks;
			sourceTree = "<group>";
		};
/* End PBXGroup section */

/* Begin PBXNativeTarget section */
		0177914F1DE10A0500FAD266 /* PanoDemo */ = {
			isa = PBXNativeTarget;
			buildConfigurationList = 017791781DE10A0500FAD266 /* Build configuration list for PBXNativeTarget "PanoDemo" */;
			buildPhases = (
				5AF6B88B37ACDB22AB0B28E0 /* [CP] Check Pods Manifest.lock */,
				0177914C1DE10A0500FAD266 /* Sources */,
				0177914D1DE10A0500FAD266 /* Frameworks */,
				0177914E1DE10A0500FAD266 /* Resources */,
				AC0255BBA0A074B234F77D20 /* [CP] Embed Pods Frameworks */,
				5FAD0E7B6F9CAE40B0AD3C13 /* [CP] Copy Pods Resources */,
			);
			buildRules = (
			);
			dependencies = (
			);
			name = PanoDemo;
			productName = PanoDemo;
			productReference = 017791501DE10A0500FAD266 /* PanoDemo.app */;
			productType = "com.apple.product-type.application";
		};
		017791631DE10A0500FAD266 /* PanoDemoTests */ = {
			isa = PBXNativeTarget;
			buildConfigurationList = 0177917B1DE10A0500FAD266 /* Build configuration list for PBXNativeTarget "PanoDemoTests" */;
			buildPhases = (
				58068E4F103A9386E3C0A958 /* [CP] Check Pods Manifest.lock */,
				017791601DE10A0500FAD266 /* Sources */,
				017791611DE10A0500FAD266 /* Frameworks */,
				017791621DE10A0500FAD266 /* Resources */,
				B8E3C6FA118415FFFB0FD655 /* [CP] Embed Pods Frameworks */,
				2DD487705939DBD3CFD951F5 /* [CP] Copy Pods Resources */,
			);
			buildRules = (
			);
			dependencies = (
				017791661DE10A0500FAD266 /* PBXTargetDependency */,
			);
			name = PanoDemoTests;
			productName = PanoDemoTests;
			productReference = 017791641DE10A0500FAD266 /* PanoDemoTests.xctest */;
			productType = "com.apple.product-type.bundle.unit-test";
		};
		0177916E1DE10A0500FAD266 /* PanoDemoUITests */ = {
			isa = PBXNativeTarget;
			buildConfigurationList = 0177917E1DE10A0500FAD266 /* Build configuration list for PBXNativeTarget "PanoDemoUITests" */;
			buildPhases = (
				B749B52420F1A632EB09A7CF /* [CP] Check Pods Manifest.lock */,
				0177916B1DE10A0500FAD266 /* Sources */,
				0177916C1DE10A0500FAD266 /* Frameworks */,
				0177916D1DE10A0500FAD266 /* Resources */,
				FF095D4B58C1C829598BA381 /* [CP] Embed Pods Frameworks */,
				438E42864D3C7128E2F274F2 /* [CP] Copy Pods Resources */,
			);
			buildRules = (
			);
			dependencies = (
				017791711DE10A0500FAD266 /* PBXTargetDependency */,
			);
			name = PanoDemoUITests;
			productName = PanoDemoUITests;
			productReference = 0177916F1DE10A0500FAD266 /* PanoDemoUITests.xctest */;
			productType = "com.apple.product-type.bundle.ui-testing";
		};
/* End PBXNativeTarget section */

/* Begin PBXProject section */
		017791481DE10A0400FAD266 /* Project object */ = {
			isa = PBXProject;
			attributes = {
				LastSwiftUpdateCheck = 0810;
				LastUpgradeCheck = 0810;
				ORGANIZATIONNAME = "Kris Yang";
				TargetAttributes = {
					0177914F1DE10A0500FAD266 = {
						CreatedOnToolsVersion = 8.1;
						DevelopmentTeam = 9A38T68U32;
						LastSwiftMigration = 0810;
						ProvisioningStyle = Automatic;
					};
					017791631DE10A0500FAD266 = {
						CreatedOnToolsVersion = 8.1;
						DevelopmentTeam = 9A38T68U32;
						ProvisioningStyle = Automatic;
						TestTargetID = 0177914F1DE10A0500FAD266;
					};
					0177916E1DE10A0500FAD266 = {
						CreatedOnToolsVersion = 8.1;
						DevelopmentTeam = 9A38T68U32;
						ProvisioningStyle = Automatic;
						TestTargetID = 0177914F1DE10A0500FAD266;
					};
				};
			};
			buildConfigurationList = 0177914B1DE10A0400FAD266 /* Build configuration list for PBXProject "PanoDemo" */;
			compatibilityVersion = "Xcode 3.2";
			developmentRegion = English;
			hasScannedForEncodings = 0;
			knownRegions = (
				en,
				Base,
			);
			mainGroup = 017791471DE10A0400FAD266;
			productRefGroup = 017791511DE10A0500FAD266 /* Products */;
			projectDirPath = "";
			projectRoot = "";
			targets = (
				0177914F1DE10A0500FAD266 /* PanoDemo */,
				017791631DE10A0500FAD266 /* PanoDemoTests */,
				0177916E1DE10A0500FAD266 /* PanoDemoUITests */,
			);
		};
/* End PBXProject section */

/* Begin PBXResourcesBuildPhase section */
		0177914E1DE10A0500FAD266 /* Resources */ = {
			isa = PBXResourcesBuildPhase;
			buildActionMask = 2147483647;
			files = (
				01595A461DE5180A00CB82B5 /* Main.storyboard in Resources */,
				0134A3D01DEB894F009D8F52 /* officePro.jpg in Resources */,
				01309BA21DE6793C00E4B1BE /* haha.jpg in Resources */,
				01A9E3581DEA87DD00D6231B /* dining.jpg in Resources */,
				0177915E1DE10A0500FAD266 /* LaunchScreen.storyboard in Resources */,
				0177915B1DE10A0500FAD266 /* Assets.xcassets in Resources */,
				017791911DE1267E00FAD266 /* office.jpg in Resources */,
				010ED13A1DE3D419009D414B /* test13.jpg in Resources */,
			);
			runOnlyForDeploymentPostprocessing = 0;
		};
		017791621DE10A0500FAD266 /* Resources */ = {
			isa = PBXResourcesBuildPhase;
			buildActionMask = 2147483647;
			files = (
			);
			runOnlyForDeploymentPostprocessing = 0;
		};
		0177916D1DE10A0500FAD266 /* Resources */ = {
			isa = PBXResourcesBuildPhase;
			buildActionMask = 2147483647;
			files = (
			);
			runOnlyForDeploymentPostprocessing = 0;
		};
/* End PBXResourcesBuildPhase section */

/* Begin PBXShellScriptBuildPhase section */
		2DD487705939DBD3CFD951F5 /* [CP] Copy Pods Resources */ = {
			isa = PBXShellScriptBuildPhase;
			buildActionMask = 2147483647;
			files = (
			);
			inputPaths = (
			);
			name = "[CP] Copy Pods Resources";
			outputPaths = (
			);
			runOnlyForDeploymentPostprocessing = 0;
			shellPath = /bin/sh;
			shellScript = "\"${SRCROOT}/Pods/Target Support Files/Pods-PanoDemoTests/Pods-PanoDemoTests-resources.sh\"\n";
			showEnvVarsInLog = 0;
		};
		438E42864D3C7128E2F274F2 /* [CP] Copy Pods Resources */ = {
			isa = PBXShellScriptBuildPhase;
			buildActionMask = 2147483647;
			files = (
			);
			inputPaths = (
			);
			name = "[CP] Copy Pods Resources";
			outputPaths = (
			);
			runOnlyForDeploymentPostprocessing = 0;
			shellPath = /bin/sh;
			shellScript = "\"${SRCROOT}/Pods/Target Support Files/Pods-PanoDemoUITests/Pods-PanoDemoUITests-resources.sh\"\n";
			showEnvVarsInLog = 0;
		};
		58068E4F103A9386E3C0A958 /* [CP] Check Pods Manifest.lock */ = {
			isa = PBXShellScriptBuildPhase;
			buildActionMask = 2147483647;
			files = (
			);
			inputPaths = (
			);
			name = "[CP] Check Pods Manifest.lock";
			outputPaths = (
			);
			runOnlyForDeploymentPostprocessing = 0;
			shellPath = /bin/sh;
			shellScript = "diff \"${PODS_ROOT}/../Podfile.lock\" \"${PODS_ROOT}/Manifest.lock\" > /dev/null\nif [ $? != 0 ] ; then\n    # print error to STDERR\n    echo \"error: The sandbox is not in sync with the Podfile.lock. Run 'pod install' or update your CocoaPods installation.\" >&2\n    exit 1\nfi\n";
			showEnvVarsInLog = 0;
		};
		5AF6B88B37ACDB22AB0B28E0 /* [CP] Check Pods Manifest.lock */ = {
			isa = PBXShellScriptBuildPhase;
			buildActionMask = 2147483647;
			files = (
			);
			inputPaths = (
			);
			name = "[CP] Check Pods Manifest.lock";
			outputPaths = (
			);
			runOnlyForDeploymentPostprocessing = 0;
			shellPath = /bin/sh;
			shellScript = "diff \"${PODS_ROOT}/../Podfile.lock\" \"${PODS_ROOT}/Manifest.lock\" > /dev/null\nif [ $? != 0 ] ; then\n    # print error to STDERR\n    echo \"error: The sandbox is not in sync with the Podfile.lock. Run 'pod install' or update your CocoaPods installation.\" >&2\n    exit 1\nfi\n";
			showEnvVarsInLog = 0;
		};
		5FAD0E7B6F9CAE40B0AD3C13 /* [CP] Copy Pods Resources */ = {
			isa = PBXShellScriptBuildPhase;
			buildActionMask = 2147483647;
			files = (
			);
			inputPaths = (
			);
			name = "[CP] Copy Pods Resources";
			outputPaths = (
			);
			runOnlyForDeploymentPostprocessing = 0;
			shellPath = /bin/sh;
			shellScript = "\"${SRCROOT}/Pods/Target Support Files/Pods-PanoDemo/Pods-PanoDemo-resources.sh\"\n";
			showEnvVarsInLog = 0;
		};
		AC0255BBA0A074B234F77D20 /* [CP] Embed Pods Frameworks */ = {
			isa = PBXShellScriptBuildPhase;
			buildActionMask = 2147483647;
			files = (
			);
			inputPaths = (
			);
			name = "[CP] Embed Pods Frameworks";
			outputPaths = (
			);
			runOnlyForDeploymentPostprocessing = 0;
			shellPath = /bin/sh;
			shellScript = "\"${SRCROOT}/Pods/Target Support Files/Pods-PanoDemo/Pods-PanoDemo-frameworks.sh\"\n";
			showEnvVarsInLog = 0;
		};
		B749B52420F1A632EB09A7CF /* [CP] Check Pods Manifest.lock */ = {
			isa = PBXShellScriptBuildPhase;
			buildActionMask = 2147483647;
			files = (
			);
			inputPaths = (
			);
			name = "[CP] Check Pods Manifest.lock";
			outputPaths = (
			);
			runOnlyForDeploymentPostprocessing = 0;
			shellPath = /bin/sh;
			shellScript = "diff \"${PODS_ROOT}/../Podfile.lock\" \"${PODS_ROOT}/Manifest.lock\" > /dev/null\nif [ $? != 0 ] ; then\n    # print error to STDERR\n    echo \"error: The sandbox is not in sync with the Podfile.lock. Run 'pod install' or update your CocoaPods installation.\" >&2\n    exit 1\nfi\n";
			showEnvVarsInLog = 0;
		};
		B8E3C6FA118415FFFB0FD655 /* [CP] Embed Pods Frameworks */ = {
			isa = PBXShellScriptBuildPhase;
			buildActionMask = 2147483647;
			files = (
			);
			inputPaths = (
			);
			name = "[CP] Embed Pods Frameworks";
			outputPaths = (
			);
			runOnlyForDeploymentPostprocessing = 0;
			shellPath = /bin/sh;
			shellScript = "\"${SRCROOT}/Pods/Target Support Files/Pods-PanoDemoTests/Pods-PanoDemoTests-frameworks.sh\"\n";
			showEnvVarsInLog = 0;
		};
		FF095D4B58C1C829598BA381 /* [CP] Embed Pods Frameworks */ = {
			isa = PBXShellScriptBuildPhase;
			buildActionMask = 2147483647;
			files = (
			);
			inputPaths = (
			);
			name = "[CP] Embed Pods Frameworks";
			outputPaths = (
			);
			runOnlyForDeploymentPostprocessing = 0;
			shellPath = /bin/sh;
			shellScript = "\"${SRCROOT}/Pods/Target Support Files/Pods-PanoDemoUITests/Pods-PanoDemoUITests-frameworks.sh\"\n";
			showEnvVarsInLog = 0;
		};
/* End PBXShellScriptBuildPhase section */

/* Begin PBXSourcesBuildPhase section */
		0177914C1DE10A0500FAD266 /* Sources */ = {
			isa = PBXSourcesBuildPhase;
			buildActionMask = 2147483647;
			files = (
				01FCE53D1DE8F0EE005E232C /* PanoModel.swift in Sources */,
				017791561DE10A0500FAD266 /* ViewController.swift in Sources */,
				01FCE5351DE8CF72005E232C /* MainViewController.swift in Sources */,
				017791971DE12B8C00FAD266 /* SphereViewController.swift in Sources */,
				017791541DE10A0500FAD266 /* AppDelegate.swift in Sources */,
				01309B9C1DE6417A00E4B1BE /* ImageUtil.swift in Sources */,
				017791821DE1132A00FAD266 /* PanoramaViewController.swift in Sources */,
				01309BA01DE6675700E4B1BE /* JabueUtil.swift in Sources */,
				01595A441DE5151600CB82B5 /* ImageProcessController.swift in Sources */,
				017791861DE114AB00FAD266 /* PanoramaIndicator.swift in Sources */,
				017791851DE114AB00FAD266 /* PanoramaViewer.swift in Sources */,
				01FCE53B1DE8EA56005E232C /* MainTableViewCell.swift in Sources */,
				01309B9E1DE665D300E4B1BE /* VideoShooterController.swift in Sources */,
			);
			runOnlyForDeploymentPostprocessing = 0;
		};
		017791601DE10A0500FAD266 /* Sources */ = {
			isa = PBXSourcesBuildPhase;
			buildActionMask = 2147483647;
			files = (
				017791691DE10A0500FAD266 /* PanoDemoTests.swift in Sources */,
			);
			runOnlyForDeploymentPostprocessing = 0;
		};
		0177916B1DE10A0500FAD266 /* Sources */ = {
			isa = PBXSourcesBuildPhase;
			buildActionMask = 2147483647;
			files = (
				017791741DE10A0500FAD266 /* PanoDemoUITests.swift in Sources */,
			);
			runOnlyForDeploymentPostprocessing = 0;
		};
/* End PBXSourcesBuildPhase section */

/* Begin PBXTargetDependency section */
		017791661DE10A0500FAD266 /* PBXTargetDependency */ = {
			isa = PBXTargetDependency;
			target = 0177914F1DE10A0500FAD266 /* PanoDemo */;
			targetProxy = 017791651DE10A0500FAD266 /* PBXContainerItemProxy */;
		};
		017791711DE10A0500FAD266 /* PBXTargetDependency */ = {
			isa = PBXTargetDependency;
			target = 0177914F1DE10A0500FAD266 /* PanoDemo */;
			targetProxy = 017791701DE10A0500FAD266 /* PBXContainerItemProxy */;
		};
/* End PBXTargetDependency section */

/* Begin PBXVariantGroup section */
		0177915C1DE10A0500FAD266 /* LaunchScreen.storyboard */ = {
			isa = PBXVariantGroup;
			children = (
				0177915D1DE10A0500FAD266 /* Base */,
			);
			name = LaunchScreen.storyboard;
			sourceTree = "<group>";
		};
/* End PBXVariantGroup section */

/* Begin XCBuildConfiguration section */
		017791761DE10A0500FAD266 /* Debug */ = {
			isa = XCBuildConfiguration;
			buildSettings = {
				ALWAYS_SEARCH_USER_PATHS = NO;
				CLANG_ANALYZER_NONNULL = YES;
				CLANG_CXX_LANGUAGE_STANDARD = "gnu++0x";
				CLANG_CXX_LIBRARY = "libc++";
				CLANG_ENABLE_MODULES = YES;
				CLANG_ENABLE_OBJC_ARC = YES;
				CLANG_WARN_BOOL_CONVERSION = YES;
				CLANG_WARN_CONSTANT_CONVERSION = YES;
				CLANG_WARN_DIRECT_OBJC_ISA_USAGE = YES_ERROR;
				CLANG_WARN_DOCUMENTATION_COMMENTS = YES;
				CLANG_WARN_EMPTY_BODY = YES;
				CLANG_WARN_ENUM_CONVERSION = YES;
				CLANG_WARN_INFINITE_RECURSION = YES;
				CLANG_WARN_INT_CONVERSION = YES;
				CLANG_WARN_OBJC_ROOT_CLASS = YES_ERROR;
				CLANG_WARN_SUSPICIOUS_MOVES = YES;
				CLANG_WARN_UNREACHABLE_CODE = YES;
				CLANG_WARN__DUPLICATE_METHOD_MATCH = YES;
				"CODE_SIGN_IDENTITY[sdk=iphoneos*]" = "iPhone Developer";
				COPY_PHASE_STRIP = NO;
				DEBUG_INFORMATION_FORMAT = dwarf;
				ENABLE_STRICT_OBJC_MSGSEND = YES;
				ENABLE_TESTABILITY = YES;
				GCC_C_LANGUAGE_STANDARD = gnu99;
				GCC_DYNAMIC_NO_PIC = NO;
				GCC_NO_COMMON_BLOCKS = YES;
				GCC_OPTIMIZATION_LEVEL = 0;
				GCC_PREPROCESSOR_DEFINITIONS = (
					"DEBUG=1",
					"$(inherited)",
				);
				GCC_WARN_64_TO_32_BIT_CONVERSION = YES;
				GCC_WARN_ABOUT_RETURN_TYPE = YES_ERROR;
				GCC_WARN_UNDECLARED_SELECTOR = YES;
				GCC_WARN_UNINITIALIZED_AUTOS = YES_AGGRESSIVE;
				GCC_WARN_UNUSED_FUNCTION = YES;
				GCC_WARN_UNUSED_VARIABLE = YES;
				IPHONEOS_DEPLOYMENT_TARGET = 10.1;
				MTL_ENABLE_DEBUG_INFO = YES;
				ONLY_ACTIVE_ARCH = YES;
				SDKROOT = iphoneos;
				SWIFT_ACTIVE_COMPILATION_CONDITIONS = DEBUG;
				SWIFT_OPTIMIZATION_LEVEL = "-Onone";
			};
			name = Debug;
		};
		017791771DE10A0500FAD266 /* Release */ = {
			isa = XCBuildConfiguration;
			buildSettings = {
				ALWAYS_SEARCH_USER_PATHS = NO;
				CLANG_ANALYZER_NONNULL = YES;
				CLANG_CXX_LANGUAGE_STANDARD = "gnu++0x";
				CLANG_CXX_LIBRARY = "libc++";
				CLANG_ENABLE_MODULES = YES;
				CLANG_ENABLE_OBJC_ARC = YES;
				CLANG_WARN_BOOL_CONVERSION = YES;
				CLANG_WARN_CONSTANT_CONVERSION = YES;
				CLANG_WARN_DIRECT_OBJC_ISA_USAGE = YES_ERROR;
				CLANG_WARN_DOCUMENTATION_COMMENTS = YES;
				CLANG_WARN_EMPTY_BODY = YES;
				CLANG_WARN_ENUM_CONVERSION = YES;
				CLANG_WARN_INFINITE_RECURSION = YES;
				CLANG_WARN_INT_CONVERSION = YES;
				CLANG_WARN_OBJC_ROOT_CLASS = YES_ERROR;
				CLANG_WARN_SUSPICIOUS_MOVES = YES;
				CLANG_WARN_UNREACHABLE_CODE = YES;
				CLANG_WARN__DUPLICATE_METHOD_MATCH = YES;
				"CODE_SIGN_IDENTITY[sdk=iphoneos*]" = "iPhone Developer";
				COPY_PHASE_STRIP = NO;
				DEBUG_INFORMATION_FORMAT = "dwarf-with-dsym";
				ENABLE_NS_ASSERTIONS = NO;
				ENABLE_STRICT_OBJC_MSGSEND = YES;
				GCC_C_LANGUAGE_STANDARD = gnu99;
				GCC_NO_COMMON_BLOCKS = YES;
				GCC_WARN_64_TO_32_BIT_CONVERSION = YES;
				GCC_WARN_ABOUT_RETURN_TYPE = YES_ERROR;
				GCC_WARN_UNDECLARED_SELECTOR = YES;
				GCC_WARN_UNINITIALIZED_AUTOS = YES_AGGRESSIVE;
				GCC_WARN_UNUSED_FUNCTION = YES;
				GCC_WARN_UNUSED_VARIABLE = YES;
				IPHONEOS_DEPLOYMENT_TARGET = 10.1;
				MTL_ENABLE_DEBUG_INFO = NO;
				SDKROOT = iphoneos;
				SWIFT_OPTIMIZATION_LEVEL = "-Owholemodule";
				VALIDATE_PRODUCT = YES;
			};
			name = Release;
		};
		017791791DE10A0500FAD266 /* Debug */ = {
			isa = XCBuildConfiguration;
			baseConfigurationReference = 3E513445051476EB452696CD /* Pods-PanoDemo.debug.xcconfig */;
			buildSettings = {
				ASSETCATALOG_COMPILER_APPICON_NAME = AppIcon;
				CLANG_ENABLE_MODULES = YES;
				DEVELOPMENT_TEAM = 9A38T68U32;
				FRAMEWORK_SEARCH_PATHS = (
					"$(inherited)",
					"$(PROJECT_DIR)/build/Debug-iphoneos/PanoramaView",
				);
				INFOPLIST_FILE = PanoDemo/Info.plist;
				IPHONEOS_DEPLOYMENT_TARGET = 8.0;
				LD_RUNPATH_SEARCH_PATHS = "$(inherited) @executable_path/Frameworks";
				PRODUCT_BUNDLE_IDENTIFIER = com.jabue.PanoDemo;
				PRODUCT_NAME = "$(TARGET_NAME)";
				SWIFT_OBJC_BRIDGING_HEADER = "";
				SWIFT_OPTIMIZATION_LEVEL = "-Onone";
				SWIFT_VERSION = 3.0;
			};
			name = Debug;
		};
		0177917A1DE10A0500FAD266 /* Release */ = {
			isa = XCBuildConfiguration;
			baseConfigurationReference = 73BA244F03DD6BFED44376EF /* Pods-PanoDemo.release.xcconfig */;
			buildSettings = {
				ASSETCATALOG_COMPILER_APPICON_NAME = AppIcon;
				CLANG_ENABLE_MODULES = YES;
				DEVELOPMENT_TEAM = 9A38T68U32;
				FRAMEWORK_SEARCH_PATHS = (
					"$(inherited)",
					"$(PROJECT_DIR)/build/Debug-iphoneos/PanoramaView",
				);
				INFOPLIST_FILE = PanoDemo/Info.plist;
				IPHONEOS_DEPLOYMENT_TARGET = 8.0;
				LD_RUNPATH_SEARCH_PATHS = "$(inherited) @executable_path/Frameworks";
				PRODUCT_BUNDLE_IDENTIFIER = com.jabue.PanoDemo;
				PRODUCT_NAME = "$(TARGET_NAME)";
				SWIFT_OBJC_BRIDGING_HEADER = "";
				SWIFT_VERSION = 3.0;
			};
			name = Release;
		};
		0177917C1DE10A0500FAD266 /* Debug */ = {
			isa = XCBuildConfiguration;
			baseConfigurationReference = 29E70A87FAC1102447C4B32D /* Pods-PanoDemoTests.debug.xcconfig */;
			buildSettings = {
				ALWAYS_EMBED_SWIFT_STANDARD_LIBRARIES = YES;
				BUNDLE_LOADER = "$(TEST_HOST)";
				DEVELOPMENT_TEAM = 9A38T68U32;
				INFOPLIST_FILE = PanoDemoTests/Info.plist;
				LD_RUNPATH_SEARCH_PATHS = "$(inherited) @executable_path/Frameworks @loader_path/Frameworks";
				PRODUCT_BUNDLE_IDENTIFIER = com.jabue.PanoDemoTests;
				PRODUCT_NAME = "$(TARGET_NAME)";
				SWIFT_VERSION = 3.0;
				TEST_HOST = "$(BUILT_PRODUCTS_DIR)/PanoDemo.app/PanoDemo";
			};
			name = Debug;
		};
		0177917D1DE10A0500FAD266 /* Release */ = {
			isa = XCBuildConfiguration;
			baseConfigurationReference = 4134975AE6323E35D2EF6567 /* Pods-PanoDemoTests.release.xcconfig */;
			buildSettings = {
				ALWAYS_EMBED_SWIFT_STANDARD_LIBRARIES = YES;
				BUNDLE_LOADER = "$(TEST_HOST)";
				DEVELOPMENT_TEAM = 9A38T68U32;
				INFOPLIST_FILE = PanoDemoTests/Info.plist;
				LD_RUNPATH_SEARCH_PATHS = "$(inherited) @executable_path/Frameworks @loader_path/Frameworks";
				PRODUCT_BUNDLE_IDENTIFIER = com.jabue.PanoDemoTests;
				PRODUCT_NAME = "$(TARGET_NAME)";
				SWIFT_VERSION = 3.0;
				TEST_HOST = "$(BUILT_PRODUCTS_DIR)/PanoDemo.app/PanoDemo";
			};
			name = Release;
		};
		0177917F1DE10A0500FAD266 /* Debug */ = {
			isa = XCBuildConfiguration;
			baseConfigurationReference = 5BD5945A31AB7872F01C34BC /* Pods-PanoDemoUITests.debug.xcconfig */;
			buildSettings = {
				ALWAYS_EMBED_SWIFT_STANDARD_LIBRARIES = YES;
				DEVELOPMENT_TEAM = 9A38T68U32;
				INFOPLIST_FILE = PanoDemoUITests/Info.plist;
				LD_RUNPATH_SEARCH_PATHS = "$(inherited) @executable_path/Frameworks @loader_path/Frameworks";
				PRODUCT_BUNDLE_IDENTIFIER = com.jabue.PanoDemoUITests;
				PRODUCT_NAME = "$(TARGET_NAME)";
				SWIFT_VERSION = 3.0;
				TEST_TARGET_NAME = PanoDemo;
			};
			name = Debug;
		};
		017791801DE10A0500FAD266 /* Release */ = {
			isa = XCBuildConfiguration;
			baseConfigurationReference = 9B24E4E3687335496C736703 /* Pods-PanoDemoUITests.release.xcconfig */;
			buildSettings = {
				ALWAYS_EMBED_SWIFT_STANDARD_LIBRARIES = YES;
				DEVELOPMENT_TEAM = 9A38T68U32;
				INFOPLIST_FILE = PanoDemoUITests/Info.plist;
				LD_RUNPATH_SEARCH_PATHS = "$(inherited) @executable_path/Frameworks @loader_path/Frameworks";
				PRODUCT_BUNDLE_IDENTIFIER = com.jabue.PanoDemoUITests;
				PRODUCT_NAME = "$(TARGET_NAME)";
				SWIFT_VERSION = 3.0;
				TEST_TARGET_NAME = PanoDemo;
			};
			name = Release;
		};
/* End XCBuildConfiguration section */

/* Begin XCConfigurationList section */
		0177914B1DE10A0400FAD266 /* Build configuration list for PBXProject "PanoDemo" */ = {
			isa = XCConfigurationList;
			buildConfigurations = (
				017791761DE10A0500FAD266 /* Debug */,
				017791771DE10A0500FAD266 /* Release */,
			);
			defaultConfigurationIsVisible = 0;
			defaultConfigurationName = Release;
		};
		017791781DE10A0500FAD266 /* Build configuration list for PBXNativeTarget "PanoDemo" */ = {
			isa = XCConfigurationList;
			buildConfigurations = (
				017791791DE10A0500FAD266 /* Debug */,
				0177917A1DE10A0500FAD266 /* Release */,
			);
			defaultConfigurationIsVisible = 0;
			defaultConfigurationName = Release;
		};
		0177917B1DE10A0500FAD266 /* Build configuration list for PBXNativeTarget "PanoDemoTests" */ = {
			isa = XCConfigurationList;
			buildConfigurations = (
				0177917C1DE10A0500FAD266 /* Debug */,
				0177917D1DE10A0500FAD266 /* Release */,
			);
			defaultConfigurationIsVisible = 0;
			defaultConfigurationName = Release;
		};
		0177917E1DE10A0500FAD266 /* Build configuration list for PBXNativeTarget "PanoDemoUITests" */ = {
			isa = XCConfigurationList;
			buildConfigurations = (
				0177917F1DE10A0500FAD266 /* Debug */,
				017791801DE10A0500FAD266 /* Release */,
			);
			defaultConfigurationIsVisible = 0;
			defaultConfigurationName = Release;
		};
/* End XCConfigurationList section */
	};
	rootObject = 017791481DE10A0400FAD266 /* Project object */;
}
